hash: fa19491304028b4c32a9d7acc961a09cfa61a580544a35e69f40c687cd1c92df
updated: 2018-10-05T20:32:51.467574449+08:00
imports:
- name: github.com/hoisie/mustache
  version: 6375acf62c69d9d3ad20fd0599d82ca94ea12284
- name: github.com/stretchr/testify
  version: f35b8ab0b5a2cef36673838d662e249dd9c94686
  subpackages:
  - assert
  - require
  - suite
- name: gopkg.in/yaml.v2
  version: 5420a8b6744d3b0345ab293f6fcba19c978f1183
testImports:
- name: github.com/davecgh/go-spew
  version: 346938d642f2ec3594ed81d874461961cd0faa76
  subpackages:
  - spew
- name: github.com/pmezard/go-difflib
  version: 792786c7400a136282c1664665ae0a8db921c6c2
  subpackages:
  - difflib
